// !$*UTF8*$!
{
	archiveVersion = 1;
	classes = {
	};
	objectVersion = 50;
	objects = {

/* Begin PBXBuildFile section */
		90CBD3B822CB06D20086B85C /* AppDelegate.swift in Sources */ = {isa = PBXBuildFile; fileRef = 90CBD3B722CB06D20086B85C /* AppDelegate.swift */; };
		90CBD3BA22CB06D20086B85C /* ContentView.swift in Sources */ = {isa = PBXBuildFile; fileRef = 90CBD3B922CB06D20086B85C /* ContentView.swift */; };
		90CBD3BC22CB06D40086B85C /* Assets.xcassets in Resources */ = {isa = PBXBuildFile; fileRef = 90CBD3BB22CB06D40086B85C /* Assets.xcassets */; };
		90CBD3BF22CB06D40086B85C /* Preview Assets.xcassets in Resources */ = {isa = PBXBuildFile; fileRef = 90CBD3BE22CB06D40086B85C /* Preview Assets.xcassets */; };
		90CBD3C222CB06D40086B85C /* Main.storyboard in Resources */ = {isa = PBXBuildFile; fileRef = 90CBD3C022CB06D40086B85C /* Main.storyboard */; };
/* End PBXBuildFile section */

/* Begin PBXFileReference section */
		90CBD3B422CB06D20086B85C /* EasyRegular.app */ = {isa = PBXFileReference; explicitFileType = wrapper.application; includeInIndex = 0; path = EasyRegular.app; sourceTree = BUILT_PRODUCTS_DIR; };
		90CBD3B722CB06D20086B85C /* AppDelegate.swift */ = {isa = PBXFileReference; lastKnownFileType = sourcecode.swift; path = AppDelegate.swift; sourceTree = "<group>"; };
		90CBD3B922CB06D20086B85C /* ContentView.swift */ = {isa = PBXFileReference; lastKnownFileType = sourcecode.swift; path = ContentView.swift; sourceTree = "<group>"; };
		90CBD3BB22CB06D40086B85C /* Assets.xcassets */ = {isa = PBXFileReference; lastKnownFileType = folder.assetcatalog; path = Assets.xcassets; sourceTree = "<group>"; };
		90CBD3BE22CB06D40086B85C /* Preview Assets.xcassets */ = {isa = PBXFileReference; lastKnownFileType = folder.assetcatalog; path = "Preview Assets.xcassets"; sourceTree = "<group>"; };
		90CBD3C122CB06D40086B85C /* Base */ = {isa = PBXFileReference; lastKnownFileType = file.storyboard; name = Base; path = Base.lproj/Main.storyboard; sourceTree = "<group>"; };
		90CBD3C322CB06D40086B85C /* Info.plist */ = {isa = PBXFileReference; lastKnownFileType = text.plist.xml; path = Info.plist; sourceTree = "<group>"; };
		90CBD3C422CB06D40086B85C /* EasyRegular.entitlements */ = {isa = PBXFileReference; lastKnownFileType = text.plist.entitlements; path = EasyRegular.entitlements; sourceTree = "<group>"; };
/* End PBXFileReference section */

/* Begin PBXFrameworksBuildPhase section */
		90CBD3B122CB06D20086B85C /* Frameworks */ = {
			isa = PBXFrameworksBuildPhase;
			buildActionMask = 2147483647;
			files = (
			);
			runOnlyForDeploymentPostprocessing = 0;
		};
/* End PBXFrameworksBuildPhase section */

/* Begin PBXGroup section */
		90CBD3AB22CB06D20086B85C = {
			isa = PBXGroup;
			children = (
				90CBD3B622CB06D20086B85C /* EasyRegular */,
				90CBD3B522CB06D20086B85C /* Products */,
			);
			sourceTree = "<group>";
		};
		90CBD3B522CB06D20086B85C /* Products */ = {
			isa = PBXGroup;
			children = (
				90CBD3B422CB06D20086B85C /* EasyRegular.app */,
			);
			name = Products;
			sourceTree = "<group>";
		};
		90CBD3B622CB06D20086B85C /* EasyRegular */ = {
			isa = PBXGroup;
			children = (
				90CBD3B722CB06D20086B85C /* AppDelegate.swift */,
				90CBD3B922CB06D20086B85C /* ContentView.swift */,
				90CBD3BB22CB06D40086B85C /* Assets.xcassets */,
				90CBD3C022CB06D40086B85C /* Main.storyboard */,
				90CBD3C322CB06D40086B85C /* Info.plist */,
				90CBD3C422CB06D40086B85C /* EasyRegular.entitlements */,
				90CBD3BD22CB06D40086B85C /* Preview Content */,
			);
			path = EasyRegular;
			sourceTree = "<group>";
		};
		90CBD3BD22CB06D40086B85C /* Preview Content */ = {
			isa = PBXGroup;
			children = (
				90CBD3BE22CB06D40086B85C /* Preview Assets.xcassets */,
			);
			path = "Preview Content";
			sourceTree = "<group>";
		};
/* End PBXGroup section */

/* Begin PBXNativeTarget section */
		90CBD3B322CB06D20086B85C /* EasyRegular */ = {
			isa = PBXNativeTarget;
			buildConfigurationList = 90CBD3C722CB06D40086B85C /* Build configuration list for PBXNativeTarget "EasyRegular" */;
			buildPhases = (
				90CBD3B022CB06D20086B85C /* Sources */,
				90CBD3B122CB06D20086B85C /* Frameworks */,
				90CBD3B222CB06D20086B85C /* Resources */,
			);
			buildRules = (
			);
			dependencies = (
			);
			name = EasyRegular;
			productName = EasyRegular;
			productReference = 90CBD3B422CB06D20086B85C /* EasyRegular.app */;
			productType = "com.apple.product-type.application";
		};
/* End PBXNativeTarget section */

/* Begin PBXProject section */
		90CBD3AC22CB06D20086B85C /* Project object */ = {
			isa = PBXProject;
			attributes = {
				LastSwiftUpdateCheck = 1100;
				LastUpgradeCheck = 1100;
				ORGANIZATIONNAME = why;
				TargetAttributes = {
					90CBD3B322CB06D20086B85C = {
						CreatedOnToolsVersion = 11.0;
					};
				};
			};
			buildConfigurationList = 90CBD3AF22CB06D20086B85C /* Build configuration list for PBXProject "EasyRegular" */;
			compatibilityVersion = "Xcode 9.3";
			developmentRegion = en;
			hasScannedForEncodings = 0;
			knownRegions = (
				en,
				Base,
			);
			mainGroup = 90CBD3AB22CB06D20086B85C;
			productRefGroup = 90CBD3B522CB06D20086B85C /* Products */;
			projectDirPath = "";
			projectRoot = "";
			targets = (
				90CBD3B322CB06D20086B85C /* EasyRegular */,
			);
		};
/* End PBXProject section */

/* Begin PBXResourcesBuildPhase section */
		90CBD3B222CB06D20086B85C /* Resources */ = {
			isa = PBXResourcesBuildPhase;
			buildActionMask = 2147483647;
			files = (
				90CBD3C222CB06D40086B85C /* Main.storyboard in Resources */,
				90CBD3BF22CB06D40086B85C /* Preview Assets.xcassets in Resources */,
				90CBD3BC22CB06D40086B85C /* Assets.xcassets in Resources */,
			);
			runOnlyForDeploymentPostprocessing = 0;
		};
/* End PBXResourcesBuildPhase section */

/* Begin PBXSourcesBuildPhase section */
		90CBD3B022CB06D20086B85C /* Sources */ = {
			isa = PBXSourcesBuildPhase;
			buildActionMask = 2147483647;
			files = (
				90CBD3BA22CB06D20086B85C /* ContentView.swift in Sources */,
				90CBD3B822CB06D20086B85C /* AppDelegate.swift in Sources */,
			);
			runOnlyForDeploymentPostprocessing = 0;
		};
/* End PBXSourcesBuildPhase section */

/* Begin PBXVariantGroup section */
		90CBD3C022CB06D40086B85C /* Main.storyboard */ = {
			isa = PBXVariantGroup;
			children = (
				90CBD3C122CB06D40086B85C /* Base */,
			);
			name = Main.storyboard;
			sourceTree = "<group>";
		};
/* End PBXVariantGroup section */

/* Begin XCBuildConfiguration section */
		90CBD3C522CB06D40086B85C /* Debug */ = {
			isa = XCBuildConfiguration;
			buildSettings = {
				ALWAYS_SEARCH_USER_PATHS = NO;
				CLANG_ANALYZER_NONNULL = YES;
				CLANG_ANALYZER_NUMBER_OBJECT_CONVERSION = YES_AGGRESSIVE;
				CLANG_CXX_LANGUAGE_STANDARD = "gnu++14";
				CLANG_CXX_LIBRARY = "libc++";
				CLANG_ENABLE_MODULES = YES;
				CLANG_ENABLE_OBJC_ARC = YES;
				CLANG_ENABLE_OBJC_WEAK = YES;
				CLANG_WARN_BLOCK_CAPTURE_AUTORELEASING = YES;
				CLANG_WARN_BOOL_CONVERSION = YES;
				CLANG_WARN_COMMA = YES;
				CLANG_WARN_CONSTANT_CONVERSION = YES;
				CLANG_WARN_DEPRECATED_OBJC_IMPLEMENTATIONS = YES;
				CLANG_WARN_DIRECT_OBJC_ISA_USAGE = YES_ERROR;
				CLANG_WARN_DOCUMENTATION_COMMENTS = YES;
				CLANG_WARN_EMPTY_BODY = YES;
				CLANG_WARN_ENUM_CONVERSION = YES;
				CLANG_WARN_INFINITE_RECURSION = YES;
				CLANG_WARN_INT_CONVERSION = YES;
				CLANG_WARN_NON_LITERAL_NULL_CONVERSION = YES;
				CLANG_WARN_OBJC_IMPLICIT_RETAIN_SELF = YES;
				CLANG_WARN_OBJC_LITERAL_CONVERSION = YES;
				CLANG_WARN_OBJC_ROOT_CLASS = YES_ERROR;
				CLANG_WARN_RANGE_LOOP_ANALYSIS = YES;
				CLANG_WARN_STRICT_PROTOTYPES = YES;
				CLANG_WARN_SUSPICIOUS_MOVE = YES;
				CLANG_WARN_UNGUARDED_AVAILABILITY = YES_AGGRESSIVE;
				CLANG_WARN_UNREACHABLE_CODE = YES;
				CLANG_WARN__DUPLICATE_METHOD_MATCH = YES;
				COPY_PHASE_STRIP = NO;
				DEBUG_INFORMATION_FORMAT = dwarf;
				ENABLE_STRICT_OBJC_MSGSEND = YES;
				ENABLE_TESTABILITY = YES;
				GCC_C_LANGUAGE_STANDARD = gnu11;
				GCC_DYNAMIC_NO_PIC = NO;
				GCC_NO_COMMON_BLOCKS = YES;
				GCC_OPTIMIZATION_LEVEL = 0;
				GCC_PREPROCESSOR_DEFINITIONS = (
					"DEBUG=1",
					"$(inherited)",
				);
				GCC_WARN_64_TO_32_BIT_CONVERSION = YES;
				GCC_WARN_ABOUT_RETURN_TYPE = YES_ERROR;
				GCC_WARN_UNDECLARED_SELECTOR = YES;
				GCC_WARN_UNINITIALIZED_AUTOS = YES_AGGRESSIVE;
				GCC_WARN_UNUSED_FUNCTION = YES;
				GCC_WARN_UNUSED_VARIABLE = YES;
				MACOSX_DEPLOYMENT_TARGET = 10.15;
				MTL_ENABLE_DEBUG_INFO = INCLUDE_SOURCE;
				MTL_FAST_MATH = YES;
				ONLY_ACTIVE_ARCH = YES;
				SDKROOT = macosx;
				SWIFT_ACTIVE_COMPILATION_CONDITIONS = DEBUG;
				SWIFT_OPTIMIZATION_LEVEL = "-Onone";
			};
			name = Debug;
		};
		90CBD3C622CB06D40086B85C /* Release */ = {
			isa = XCBuildConfiguration;
			buildSettings = {
				ALWAYS_SEARCH_USER_PATHS = NO;
				CLANG_ANALYZER_NONNULL = YES;
				CLANG_ANALYZER_NUMBER_OBJECT_CONVERSION = YES_AGGRESSIVE;
				CLANG_CXX_LANGUAGE_STANDARD = "gnu++14";
				CLANG_CXX_LIBRARY = "libc++";
				CLANG_ENABLE_MODULES = YES;
				CLANG_ENABLE_OBJC_ARC = YES;
				CLANG_ENABLE_OBJC_WEAK = YES;
				CLANG_WARN_BLOCK_CAPTURE_AUTORELEASING = YES;
				CLANG_WARN_BOOL_CONVERSION = YES;
				CLANG_WARN_COMMA = YES;
				CLANG_WARN_CONSTANT_CONVERSION = YES;
				CLANG_WARN_DEPRECATED_OBJC_IMPLEMENTATIONS = YES;
				CLANG_WARN_DIRECT_OBJC_ISA_USAGE = YES_ERROR;
				CLANG_WARN_DOCUMENTATION_COMMENTS = YES;
				CLANG_WARN_EMPTY_BODY = YES;
				CLANG_WARN_ENUM_CONVERSION = YES;
				CLANG_WARN_INFINITE_RECURSION = YES;
				CLANG_WARN_INT_CONVERSION = YES;
				CLANG_WARN_NON_LITERAL_NULL_CONVERSION = YES;
				CLANG_WARN_OBJC_IMPLICIT_RETAIN_SELF = YES;
				CLANG_WARN_OBJC_LITERAL_CONVERSION = YES;
				CLANG_WARN_OBJC_ROOT_CLASS = YES_ERROR;
				CLANG_WARN_RANGE_LOOP_ANALYSIS = YES;
				CLANG_WARN_STRICT_PROTOTYPES = YES;
				CLANG_WARN_SUSPICIOUS_MOVE = YES;
				CLANG_WARN_UNGUARDED_AVAILABILITY = YES_AGGRESSIVE;
				CLANG_WARN_UNREACHABLE_CODE = YES;
				CLANG_WARN__DUPLICATE_METHOD_MATCH = YES;
				COPY_PHASE_STRIP = NO;
				DEBUG_INFORMATION_FORMAT = "dwarf-with-dsym";
				ENABLE_NS_ASSERTIONS = NO;
				ENABLE_STRICT_OBJC_MSGSEND = YES;
				GCC_C_LANGUAGE_STANDARD = gnu11;
				GCC_NO_COMMON_BLOCKS = YES;
				GCC_WARN_64_TO_32_BIT_CONVERSION = YES;
				GCC_WARN_ABOUT_RETURN_TYPE = YES_ERROR;
				GCC_WARN_UNDECLARED_SELECTOR = YES;
				GCC_WARN_UNINITIALIZED_AUTOS = YES_AGGRESSIVE;
				GCC_WARN_UNUSED_FUNCTION = YES;
				GCC_WARN_UNUSED_VARIABLE = YES;
				MACOSX_DEPLOYMENT_TARGET = 10.15;
				MTL_ENABLE_DEBUG_INFO = NO;
				MTL_FAST_MATH = YES;
				SDKROOT = macosx;
				SWIFT_COMPILATION_MODE = wholemodule;
				SWIFT_OPTIMIZATION_LEVEL = "-O";
			};
			name = Release;
		};
		90CBD3C822CB06D40086B85C /* Debug */ = {
			isa = XCBuildConfiguration;
			buildSettings = {
				ASSETCATALOG_COMPILER_APPICON_NAME = AppIcon;
				CODE_SIGN_ENTITLEMENTS = EasyRegular/EasyRegular.entitlements;
				CODE_SIGN_STYLE = Automatic;
				COMBINE_HIDPI_IMAGES = YES;
				DEVELOPMENT_ASSET_PATHS = "EasyRegular/Preview\\ Content";
				DEVELOPMENT_TEAM = X74A69AXHU;
				ENABLE_HARDENED_RUNTIME = YES;
				ENABLE_PREVIEWS = YES;
				INFOPLIST_FILE = EasyRegular/Info.plist;
				LD_RUNPATH_SEARCH_PATHS = (
					"$(inherited)",
					"@executable_path/../Frameworks",
				);
				PRODUCT_BUNDLE_IDENTIFIER = com.why.EasyRegular;
				PRODUCT_NAME = "$(TARGET_NAME)";
				SWIFT_VERSION = 5.0;
			};
			name = Debug;
		};
		90CBD3C922CB06D40086B85C /* Release */ = {
			isa = XCBuildConfiguration;
			buildSettings = {
				ASSETCATALOG_COMPILER_APPICON_NAME = AppIcon;
				CODE_SIGN_ENTITLEMENTS = EasyRegular/EasyRegular.entitlements;
				CODE_SIGN_STYLE = Automatic;
				COMBINE_HIDPI_IMAGES = YES;
				DEVELOPMENT_ASSET_PATHS = "EasyRegular/Preview\\ Content";
				DEVELOPMENT_TEAM = X74A69AXHU;
				ENABLE_HARDENED_RUNTIME = YES;
				ENABLE_PREVIEWS = YES;
				INFOPLIST_FILE = EasyRegular/Info.plist;
				LD_RUNPATH_SEARCH_PATHS = (
					"$(inherited)",
					"@executable_path/../Frameworks",
				);
				PRODUCT_BUNDLE_IDENTIFIER = com.why.EasyRegular;
				PRODUCT_NAME = "$(TARGET_NAME)";
				SWIFT_VERSION = 5.0;
			};
			name = Release;
		};
/* End XCBuildConfiguration section */

/* Begin XCConfigurationList section */
		90CBD3AF22CB06D20086B85C /* Build configuration list for PBXProject "EasyRegular" */ = {
			isa = XCConfigurationList;
			buildConfigurations = (
				90CBD3C522CB06D40086B85C /* Debug */,
				90CBD3C622CB06D40086B85C /* Release */,
			);
			defaultConfigurationIsVisible = 0;
			defaultConfigurationName = Release;
		};
		90CBD3C722CB06D40086B85C /* Build configuration list for PBXNativeTarget "EasyRegular" */ = {
			isa = XCConfigurationList;
			buildConfigurations = (
				90CBD3C822CB06D40086B85C /* Debug */,
				90CBD3C922CB06D40086B85C /* Release */,
			);
			defaultConfigurationIsVisible = 0;
			defaultConfigurationName = Release;
		};
/* End XCConfigurationList section */
	};
	rootObject = 90CBD3AC22CB06D20086B85C /* Project object */;
}
